
Microsoft Visual Studio Solution File, Format Version 12.00
Project("{FAE04EC0-301F-11D3-BF4B-00C04F79EFBC}") = "Console", "Console\Console.csproj", "{110ACB72-CE57-4EFC-AF41-8852FF1D4A90}"
EndProject
Project("{FAE04EC0-301F-11D3-BF4B-00C04F79EFBC}") = "Interpreter", "Interpreter\Interpreter.csproj", "{DC917F85-99A1-4B82-8109-8DD4B923BAF3}"
EndProject
Project("{FAE04EC0-301F-11D3-BF4B-00C04F79EFBC}") = "Tests", "Tests\Tests.csproj", "{40A752D9-F6D1-49B3-BDCA-4E79E18E3D2A}"
EndProject
Global
	GlobalSection(SolutionConfigurationPlatforms) = preSolution
		Debug|Any CPU = Debug|Any CPU
		Release|Any CPU = Release|Any CPU
	EndGlobalSection
	GlobalSection(ProjectConfigurationPlatforms) = postSolution
		{110ACB72-CE57-4EFC-AF41-8852FF1D4A90}.Debug|Any CPU.ActiveCfg = Debug|Any CPU
		{110ACB72-CE57-4EFC-AF41-8852FF1D4A90}.Debug|Any CPU.Build.0 = Debug|Any CPU
		{110ACB72-CE57-4EFC-AF41-8852FF1D4A90}.Release|Any CPU.ActiveCfg = Release|Any CPU
		{110ACB72-CE57-4EFC-AF41-8852FF1D4A90}.Release|Any CPU.Build.0 = Release|Any CPU
		{DC917F85-99A1-4B82-8109-8DD4B923BAF3}.Debug|Any CPU.ActiveCfg = Debug|Any CPU
		{DC917F85-99A1-4B82-8109-8DD4B923BAF3}.Debug|Any CPU.Build.0 = Debug|Any CPU
		{DC917F85-99A1-4B82-8109-8DD4B923BAF3}.Release|Any CPU.ActiveCfg = Release|Any CPU
		{DC917F85-99A1-4B82-8109-8DD4B923BAF3}.Release|Any CPU.Build.0 = Release|Any CPU
		{40A752D9-F6D1-49B3-BDCA-4E79E18E3D2A}.Debug|Any CPU.ActiveCfg = Debug|Any CPU
		{40A752D9-F6D1-49B3-BDCA-4E79E18E3D2A}.Debug|Any CPU.Build.0 = Debug|Any CPU
		{40A752D9-F6D1-49B3-BDCA-4E79E18E3D2A}.Release|Any CPU.ActiveCfg = Release|Any CPU
		{40A752D9-F6D1-49B3-BDCA-4E79E18E3D2A}.Release|Any CPU.Build.0 = Release|Any CPU
	EndGlobalSection
EndGlobal
